<?xml version="1.0" encoding="utf-8"?>
<Project ToolsVersion="4.0" xmlns="http://schemas.microsoft.com/developer/msbuild/2003">
  <ItemGroup>
    <Filter Include="源文件">
      <UniqueIdentifier>{4FC737F1-C7A5-4376-A066-2A32D752A2FF}</UniqueIdentifier>
      <Extensions>cpp;c;cc;cxx;def;odl;idl;hpj;bat;asm;asmx</Extensions>
    </Filter>
    <Filter Include="头文件">
      <UniqueIdentifier>{93995380-89BD-4b04-88EB-625FBE52EBFB}</UniqueIdentifier>
      <Extensions>h;hh;hpp;hxx;hm;inl;inc;ipp;xsd</Extensions>
    </Filter>
    <Filter Include="资源文件">
      <UniqueIdentifier>{67DA6AB6-F800-4c08-8B7A-83BB121AAD01}</UniqueIdentifier>
      <Extensions>rc;ico;cur;bmp;dlg;rc2;rct;bin;rgs;gif;jpg;jpeg;jpe;resx;tiff;tif;png;wav;mfcribbon-ms</Extensions>
    </Filter>
  </ItemGroup>
  <ItemGroup>
    <ClCompile Include="src\main.cpp">
      <Filter>源文件</Filter>
    </ClCompile>
    <ClCompile Include="src\core\global.cpp">
      <Filter>源文件</Filter>
    </ClCompile>
    <ClCompile Include="src\print.cpp">
      <Filter>源文件</Filter>
    </ClCompile>
    <ClCompile Include="vendor\random\random.cpp">
      <Filter>源文件</Filter>
    </ClCompile>
    <ClCompile Include="src\operator\sbx.cpp">
      <Filter>源文件</Filter>
    </ClCompile>
    <ClCompile Include="src\operator\mutation.cpp">
      <Filter>源文件</Filter>
    </ClCompile>
    <ClCompile Include="src\core\tournament_selection.cpp">
      <Filter>源文件</Filter>
    </ClCompile>
    <ClCompile Include="src\core\individual.cpp">
      <Filter>源文件</Filter>
    </ClCompile>
    <ClCompile Include="src\core\nd_sort.cpp">
      <Filter>源文件</Filter>
    </ClCompile>
    <ClCompile Include="src\core\utility.cpp">
      <Filter>源文件</Filter>
    </ClCompile>
    <ClCompile Include="src\algorithms\algorithm.cpp">
      <Filter>源文件</Filter>
    </ClCompile>
    <ClCompile Include="src\metric\igd.cpp">
      <Filter>源文件</Filter>
    </ClCompile>
    <ClCompile Include="src\problem\problem.cpp">
      <Filter>源文件</Filter>
    </ClCompile>
    <ClCompile Include="src\problem\zdt.cpp">
      <Filter>源文件</Filter>
    </ClCompile>
    <ClCompile Include="src\algorithms\moead\moead.cpp">
      <Filter>源文件</Filter>
    </ClCompile>
    <ClCompile Include="src\algorithms\nsga2\nsga2.cpp">
      <Filter>源文件</Filter>
    </ClCompile>
    <ClCompile Include="src\core\uniform_point.cpp">
      <Filter>源文件</Filter>
    </ClCompile>
    <ClCompile Include="src\algorithms\moead_de\moead_de.cpp">
      <Filter>源文件</Filter>
    </ClCompile>
    <ClCompile Include="src\operator\de.cpp">
      <Filter>源文件</Filter>
    </ClCompile>
    <ClCompile Include="src\algorithms\ibea\ibea.cpp">
      <Filter>源文件</Filter>
    </ClCompile>
    <ClCompile Include="src\problem\dtlz.cpp">
      <Filter>源文件</Filter>
    </ClCompile>
    <ClCompile Include="src\metric\hv.cpp">
      <Filter>源文件</Filter>
    </ClCompile>
    <ClCompile Include="vendor\wfg\iwfg.cpp">
      <Filter>源文件</Filter>
    </ClCompile>
    <ClCompile Include="src\algorithms\spea2\spea2.cpp">
      <Filter>源文件</Filter>
    </ClCompile>
    <ClCompile Include="src\algorithms\smsemoa\smsemoa.cpp">
      <Filter>源文件</Filter>
    </ClCompile>
    <ClCompile Include="src\algorithms\moead_frrmab\moead_frrmab.cpp">
      <Filter>源文件</Filter>
    </ClCompile>
    <ClCompile Include="src\algorithms\moead_dra\moead_dra.cpp">
      <Filter>源文件</Filter>
    </ClCompile>
    <ClCompile Include="src\algorithms\hype\hype.cpp">
      <Filter>源文件</Filter>
    </ClCompile>
    <ClCompile Include="src\metric\gd.cpp">
      <Filter>源文件</Filter>
    </ClCompile>
    <ClCompile Include="src\metric\spacing.cpp">
      <Filter>源文件</Filter>
    </ClCompile>
    <ClCompile Include="src\problem\uf.cpp">
      <Filter>源文件</Filter>
    </ClCompile>
  </ItemGroup>
  <ItemGroup>
    <ClInclude Include="src\core\global.h">
      <Filter>头文件</Filter>
    </ClInclude>
    <ClInclude Include="src\print.h">
      <Filter>头文件</Filter>
    </ClInclude>
    <ClInclude Include="vendor\random\random.h">
      <Filter>头文件</Filter>
    </ClInclude>
    <ClInclude Include="src\operator\sbx.h">
      <Filter>头文件</Filter>
    </ClInclude>
    <ClInclude Include="src\operator\mutation.h">
      <Filter>头文件</Filter>
    </ClInclude>
    <ClInclude Include="src\core\tournament_selection.h">
      <Filter>头文件</Filter>
    </ClInclude>
    <ClInclude Include="src\core\individual.h">
      <Filter>头文件</Filter>
    </ClInclude>
    <ClInclude Include="src\core\nd_sort.h">
      <Filter>头文件</Filter>
    </ClInclude>
    <ClInclude Include="src\core\utility.h">
      <Filter>头文件</Filter>
    </ClInclude>
    <ClInclude Include="src\algorithms\algorithm.h">
      <Filter>头文件</Filter>
    </ClInclude>
    <ClInclude Include="src\metric\igd.h">
      <Filter>头文件</Filter>
    </ClInclude>
    <ClInclude Include="src\problem\problem.h">
      <Filter>头文件</Filter>
    </ClInclude>
    <ClInclude Include="src\problem\zdt.h">
      <Filter>头文件</Filter>
    </ClInclude>
    <ClInclude Include="src\algorithms\moead\moead.h">
      <Filter>头文件</Filter>
    </ClInclude>
    <ClInclude Include="src\algorithms\nsga2\nsga2.h">
      <Filter>头文件</Filter>
    </ClInclude>
    <ClInclude Include="src\core\uniform_point.h">
      <Filter>头文件</Filter>
    </ClInclude>
    <ClInclude Include="src\algorithms\moead_de\moead_de.h">
      <Filter>头文件</Filter>
    </ClInclude>
    <ClInclude Include="src\operator\de.h">
      <Filter>头文件</Filter>
    </ClInclude>
    <ClInclude Include="src\algorithms\ibea\ibea.h">
      <Filter>头文件</Filter>
    </ClInclude>
    <ClInclude Include="src\problem\dtlz.h">
      <Filter>头文件</Filter>
    </ClInclude>
    <ClInclude Include="src\metric\hv.h">
      <Filter>头文件</Filter>
    </ClInclude>
    <ClInclude Include="vendor\wfg\iwfg.h">
      <Filter>头文件</Filter>
    </ClInclude>
    <ClInclude Include="src\algorithms\spea2\spea2.h">
      <Filter>头文件</Filter>
    </ClInclude>
    <ClInclude Include="src\algorithms\smsemoa\smsemoa.h">
      <Filter>头文件</Filter>
    </ClInclude>
    <ClInclude Include="src\algorithms\moead_frrmab\moead_frrmab.h">
      <Filter>头文件</Filter>
    </ClInclude>
    <ClInclude Include="src\algorithms\moead_dra\moead_dra.h">
      <Filter>头文件</Filter>
    </ClInclude>
    <ClInclude Include="src\algorithms\hype\hype.h">
      <Filter>头文件</Filter>
    </ClInclude>
    <ClInclude Include="src\metric\gd.h">
      <Filter>头文件</Filter>
    </ClInclude>
    <ClInclude Include="src\metric\spacing.h">
      <Filter>头文件</Filter>
    </ClInclude>
    <ClInclude Include="src\problem\problem_head_collect.h">
      <Filter>头文件</Filter>
    </ClInclude>
    <ClInclude Include="src\algorithms\algorithm_head_collect.h">
      <Filter>头文件</Filter>
    </ClInclude>
    <ClInclude Include="src\problem\uf.h">
      <Filter>头文件</Filter>
    </ClInclude>
  </ItemGroup>
</Project>