
Microsoft Visual Studio Solution File, Format Version 12.00
# Visual Studio 15
VisualStudioVersion = 15.0.28307.902
MinimumVisualStudioVersion = 10.0.40219.1
Project("{8BC9CEB8-8B4A-11D0-8D11-00A0C91BC942}") = "EMOC", "EMOC\EMOC.vcxproj", "{825DD2F1-DB93-45B0-A91D-2C38146CF231}"
EndProject
Global
	GlobalSection(SolutionConfigurationPlatforms) = preSolution
		Debug|x64 = Debug|x64
		Debug|x86 = Debug|x86
		Release|x64 = Release|x64
		Release|x86 = Release|x86
	EndGlobalSection
	GlobalSection(ProjectConfigurationPlatforms) = postSolution
		{825DD2F1-DB93-45B0-A91D-2C38146CF231}.Debug|x64.ActiveCfg = Debug|x64
		{825DD2F1-DB93-45B0-A91D-2C38146CF231}.Debug|x64.Build.0 = Debug|x64
		{825DD2F1-DB93-45B0-A91D-2C38146CF231}.Debug|x86.ActiveCfg = Debug|Win32
		{825DD2F1-DB93-45B0-A91D-2C38146CF231}.Debug|x86.Build.0 = Debug|Win32
		{825DD2F1-DB93-45B0-A91D-2C38146CF231}.Release|x64.ActiveCfg = Release|x64
		{825DD2F1-DB93-45B0-A91D-2C38146CF231}.Release|x64.Build.0 = Release|x64
		{825DD2F1-DB93-45B0-A91D-2C38146CF231}.Release|x86.ActiveCfg = Release|Win32
		{825DD2F1-DB93-45B0-A91D-2C38146CF231}.Release|x86.Build.0 = Release|Win32
	EndGlobalSection
	GlobalSection(SolutionProperties) = preSolution
		HideSolutionNode = FALSE
	EndGlobalSection
	GlobalSection(ExtensibilityGlobals) = postSolution
		SolutionGuid = {6A2C1F1C-1356-47D1-AF20-FD2BF22481E0}
	EndGlobalSection
EndGlobal
